
Microsoft Visual Studio Solution File, Format Version 12.00
# Visual Studio 15
VisualStudioVersion = 15.0.26730.12
MinimumVisualStudioVersion = 10.0.40219.1
Project("{D954291E-2A0B-460D-934E-DC6B0785DB48}") = "XXX1", "XXX1\XXX1\XXX1.shproj", "{E9405FDF-2F0C-4762-A719-E9EBD62BD611}"
EndProject
Project("{FAE04EC0-301F-11D3-BF4B-00C04F79EFBC}") = "XXX1.Android", "XXX1\XXX1.Android\XXX1.Android.csproj", "{3A02A464-15DC-440C-A6F1-358155D61BB5}"
EndProject
Project("{FAE04EC0-301F-11D3-BF4B-00C04F79EFBC}") = "XXX1.iOS", "XXX1\XXX1.iOS\XXX1.iOS.csproj", "{D7211E88-F5F5-4089-9B35-8260BB25C4B2}"
EndProject
Global
	GlobalSection(SharedMSBuildProjectFiles) = preSolution
		XXX1\XXX1\XXX1.projitems*{3a02a464-15dc-440c-a6f1-358155d61bb5}*SharedItemsImports = 4
		XXX1\XXX1\XXX1.projitems*{d7211e88-f5f5-4089-9b35-8260bb25c4b2}*SharedItemsImports = 4
		XXX1\XXX1\XXX1.projitems*{e9405fdf-2f0c-4762-a719-e9ebd62bd611}*SharedItemsImports = 13
	EndGlobalSection
	GlobalSection(SolutionConfigurationPlatforms) = preSolution
		Ad-Hoc|Any CPU = Ad-Hoc|Any CPU
		Ad-Hoc|iPhone = Ad-Hoc|iPhone
		Ad-Hoc|iPhoneSimulator = Ad-Hoc|iPhoneSimulator
		AppStore|Any CPU = AppStore|Any CPU
		AppStore|iPhone = AppStore|iPhone
		AppStore|iPhoneSimulator = AppStore|iPhoneSimulator
		Debug|Any CPU = Debug|Any CPU
		Debug|iPhone = Debug|iPhone
		Debug|iPhoneSimulator = Debug|iPhoneSimulator
		Release|Any CPU = Release|Any CPU
		Release|iPhone = Release|iPhone
		Release|iPhoneSimulator = Release|iPhoneSimulator
	EndGlobalSection
	GlobalSection(ProjectConfigurationPlatforms) = postSolution
		{3A02A464-15DC-440C-A6F1-358155D61BB5}.Ad-Hoc|Any CPU.ActiveCfg = Release|Any CPU
		{3A02A464-15DC-440C-A6F1-358155D61BB5}.Ad-Hoc|Any CPU.Build.0 = Release|Any CPU
		{3A02A464-15DC-440C-A6F1-358155D61BB5}.Ad-Hoc|Any CPU.Deploy.0 = Release|Any CPU
		{3A02A464-15DC-440C-A6F1-358155D61BB5}.Ad-Hoc|iPhone.ActiveCfg = Release|Any CPU
		{3A02A464-15DC-440C-A6F1-358155D61BB5}.Ad-Hoc|iPhone.Build.0 = Release|Any CPU
		{3A02A464-15DC-440C-A6F1-358155D61BB5}.Ad-Hoc|iPhone.Deploy.0 = Release|Any CPU
		{3A02A464-15DC-440C-A6F1-358155D61BB5}.Ad-Hoc|iPhoneSimulator.ActiveCfg = Release|Any CPU
		{3A02A464-15DC-440C-A6F1-358155D61BB5}.Ad-Hoc|iPhoneSimulator.Build.0 = Release|Any CPU
		{3A02A464-15DC-440C-A6F1-358155D61BB5}.Ad-Hoc|iPhoneSimulator.Deploy.0 = Release|Any CPU
		{3A02A464-15DC-440C-A6F1-358155D61BB5}.AppStore|Any CPU.ActiveCfg = Release|Any CPU
		{3A02A464-15DC-440C-A6F1-358155D61BB5}.AppStore|Any CPU.Build.0 = Release|Any CPU
		{3A02A464-15DC-440C-A6F1-358155D61BB5}.AppStore|Any CPU.Deploy.0 = Release|Any CPU
		{3A02A464-15DC-440C-A6F1-358155D61BB5}.AppStore|iPhone.ActiveCfg = Release|Any CPU
		{3A02A464-15DC-440C-A6F1-358155D61BB5}.AppStore|iPhone.Build.0 = Release|Any CPU
		{3A02A464-15DC-440C-A6F1-358155D61BB5}.AppStore|iPhone.Deploy.0 = Release|Any CPU
		{3A02A464-15DC-440C-A6F1-358155D61BB5}.AppStore|iPhoneSimulator.ActiveCfg = Release|Any CPU
		{3A02A464-15DC-440C-A6F1-358155D61BB5}.AppStore|iPhoneSimulator.Build.0 = Release|Any CPU
		{3A02A464-15DC-440C-A6F1-358155D61BB5}.AppStore|iPhoneSimulator.Deploy.0 = Release|Any CPU
		{3A02A464-15DC-440C-A6F1-358155D61BB5}.Debug|Any CPU.ActiveCfg = Debug|Any CPU
		{3A02A464-15DC-440C-A6F1-358155D61BB5}.Debug|Any CPU.Build.0 = Debug|Any CPU
		{3A02A464-15DC-440C-A6F1-358155D61BB5}.Debug|Any CPU.Deploy.0 = Debug|Any CPU
		{3A02A464-15DC-440C-A6F1-358155D61BB5}.Debug|iPhone.ActiveCfg = Debug|Any CPU
		{3A02A464-15DC-440C-A6F1-358155D61BB5}.Debug|iPhone.Build.0 = Debug|Any CPU
		{3A02A464-15DC-440C-A6F1-358155D61BB5}.Debug|iPhone.Deploy.0 = Debug|Any CPU
		{3A02A464-15DC-440C-A6F1-358155D61BB5}.Debug|iPhoneSimulator.ActiveCfg = Debug|Any CPU
		{3A02A464-15DC-440C-A6F1-358155D61BB5}.Debug|iPhoneSimulator.Build.0 = Debug|Any CPU
		{3A02A464-15DC-440C-A6F1-358155D61BB5}.Debug|iPhoneSimulator.Deploy.0 = Debug|Any CPU
		{3A02A464-15DC-440C-A6F1-358155D61BB5}.Release|Any CPU.ActiveCfg = Release|Any CPU
		{3A02A464-15DC-440C-A6F1-358155D61BB5}.Release|Any CPU.Build.0 = Release|Any CPU
		{3A02A464-15DC-440C-A6F1-358155D61BB5}.Release|Any CPU.Deploy.0 = Release|Any CPU
		{3A02A464-15DC-440C-A6F1-358155D61BB5}.Release|iPhone.ActiveCfg = Release|Any CPU
		{3A02A464-15DC-440C-A6F1-358155D61BB5}.Release|iPhone.Build.0 = Release|Any CPU
		{3A02A464-15DC-440C-A6F1-358155D61BB5}.Release|iPhone.Deploy.0 = Release|Any CPU
		{3A02A464-15DC-440C-A6F1-358155D61BB5}.Release|iPhoneSimulator.ActiveCfg = Release|Any CPU
		{3A02A464-15DC-440C-A6F1-358155D61BB5}.Release|iPhoneSimulator.Build.0 = Release|Any CPU
		{3A02A464-15DC-440C-A6F1-358155D61BB5}.Release|iPhoneSimulator.Deploy.0 = Release|Any CPU
		{D7211E88-F5F5-4089-9B35-8260BB25C4B2}.Ad-Hoc|Any CPU.ActiveCfg = Ad-Hoc|iPhone
		{D7211E88-F5F5-4089-9B35-8260BB25C4B2}.Ad-Hoc|iPhone.ActiveCfg = Ad-Hoc|iPhone
		{D7211E88-F5F5-4089-9B35-8260BB25C4B2}.Ad-Hoc|iPhone.Build.0 = Ad-Hoc|iPhone
		{D7211E88-F5F5-4089-9B35-8260BB25C4B2}.Ad-Hoc|iPhoneSimulator.ActiveCfg = Ad-Hoc|iPhoneSimulator
		{D7211E88-F5F5-4089-9B35-8260BB25C4B2}.Ad-Hoc|iPhoneSimulator.Build.0 = Ad-Hoc|iPhoneSimulator
		{D7211E88-F5F5-4089-9B35-8260BB25C4B2}.AppStore|Any CPU.ActiveCfg = AppStore|iPhone
		{D7211E88-F5F5-4089-9B35-8260BB25C4B2}.AppStore|iPhone.ActiveCfg = AppStore|iPhone
		{D7211E88-F5F5-4089-9B35-8260BB25C4B2}.AppStore|iPhone.Build.0 = AppStore|iPhone
		{D7211E88-F5F5-4089-9B35-8260BB25C4B2}.AppStore|iPhoneSimulator.ActiveCfg = AppStore|iPhoneSimulator
		{D7211E88-F5F5-4089-9B35-8260BB25C4B2}.AppStore|iPhoneSimulator.Build.0 = AppStore|iPhoneSimulator
		{D7211E88-F5F5-4089-9B35-8260BB25C4B2}.Debug|Any CPU.ActiveCfg = Debug|iPhone
		{D7211E88-F5F5-4089-9B35-8260BB25C4B2}.Debug|Any CPU.Build.0 = Debug|iPhone
		{D7211E88-F5F5-4089-9B35-8260BB25C4B2}.Debug|iPhone.ActiveCfg = Debug|iPhone
		{D7211E88-F5F5-4089-9B35-8260BB25C4B2}.Debug|iPhone.Build.0 = Debug|iPhone
		{D7211E88-F5F5-4089-9B35-8260BB25C4B2}.Debug|iPhoneSimulator.ActiveCfg = Debug|iPhoneSimulator
		{D7211E88-F5F5-4089-9B35-8260BB25C4B2}.Debug|iPhoneSimulator.Build.0 = Debug|iPhoneSimulator
		{D7211E88-F5F5-4089-9B35-8260BB25C4B2}.Release|Any CPU.ActiveCfg = Release|iPhone
		{D7211E88-F5F5-4089-9B35-8260BB25C4B2}.Release|iPhone.ActiveCfg = Release|iPhone
		{D7211E88-F5F5-4089-9B35-8260BB25C4B2}.Release|iPhone.Build.0 = Release|iPhone
		{D7211E88-F5F5-4089-9B35-8260BB25C4B2}.Release|iPhoneSimulator.ActiveCfg = Release|iPhoneSimulator
		{D7211E88-F5F5-4089-9B35-8260BB25C4B2}.Release|iPhoneSimulator.Build.0 = Release|iPhoneSimulator
	EndGlobalSection
	GlobalSection(SolutionProperties) = preSolution
		HideSolutionNode = FALSE
	EndGlobalSection
	GlobalSection(ExtensibilityGlobals) = postSolution
		SolutionGuid = {CACF551F-8C55-42ED-9FB6-A679A0AFCDB4}
	EndGlobalSection
EndGlobal
